version = 1
requires-python = ">=3.12"

[manifest]
requirements = [
    { name = "mercantile" },
    { name = "pmtiles" },
]

[[package]]
name = "click"
version = "8.1.8"
source = { registry = "https://pypi.org/simple" }
dependencies = [
    { name = "colorama", marker = "sys_platform == 'win32'" },
]
sdist = { url = "https://files.pythonhosted.org/packages/b9/2e/0090cbf739cee7d23781ad4b89a9894a41538e4fcf4c31dcdd705b78eb8b/click-8.1.8.tar.gz", hash = "sha256:ed53c9d8990d83c2a27deae68e4ee337473f6330c040a31d4225c9574d16096a", size = 226593 }
wheels = [
    { url = "https://files.pythonhosted.org/packages/7e/d4/7ebdbd03970677812aac39c869717059dbb71a4cfc033ca6e5221787892c/click-8.1.8-py3-none-any.whl", hash = "sha256:63c132bbbed01578a06712a2d1f497bb62d9c1c0d329b7903a866228027263b2", size = 98188 },
]

[[package]]
name = "colorama"
version = "0.4.6"
source = { registry = "https://pypi.org/simple" }
sdist = { url = "https://files.pythonhosted.org/packages/d8/53/6f443c9a4a8358a93a6792e2acffb9d9d5cb0a5cfd8802644b7b1c9a02e4/colorama-0.4.6.tar.gz", hash = "sha256:08695f5cb7ed6e0531a20572697297273c47b8cae5a63ffc6d6ed5c201be6e44", size = 27697 }
wheels = [
    { url = "https://files.pythonhosted.org/packages/d1/d6/3965ed04c63042e047cb6a3e6ed1a63a35087b6a609aa3a15ed8ac56c221/colorama-0.4.6-py2.py3-none-any.whl", hash = "sha256:4f1d9991f5acc0ca119f9d443620b77f9d6b33703e51011c16baf57afb285fc6", size = 25335 },
]

[[package]]
name = "mercantile"
version = "1.2.1"
source = { registry = "https://pypi.org/simple" }
dependencies = [
    { name = "click" },
]
sdist = { url = "https://files.pythonhosted.org/packages/d2/c6/87409bcb26fb68c393fa8cf58ba09363aa7298cfb438a0109b5cb14bc98b/mercantile-1.2.1.tar.gz", hash = "sha256:fa3c6db15daffd58454ac198b31887519a19caccee3f9d63d17ae7ff61b3b56b", size = 26352 }
wheels = [
    { url = "https://files.pythonhosted.org/packages/b2/d6/de0cc74f8d36976aeca0dd2e9cbf711882ff8e177495115fd82459afdc4d/mercantile-1.2.1-py3-none-any.whl", hash = "sha256:30f457a73ee88261aab787b7069d85961a5703bb09dc57a170190bc042cd023f", size = 14779 },
]

[[package]]
name = "pmtiles"
version = "3.4.1"
source = { registry = "https://pypi.org/simple" }
sdist = { url = "https://files.pythonhosted.org/packages/21/69/5c2e4eb58aaf6303aebbaad3e6d7394b96d28f94af5bc16a6540d815bb09/pmtiles-3.4.1.tar.gz", hash = "sha256:48d6d8f317e7ec1f4150a715b1c220777f89f0c1061874a6022255a0859836ee", size = 13895 }
